# This file is autogenerated, do not edit; changes may be undone by the next 'dep ensure'.


[[projects]]
  name = "github.com/Unknwon/com"
  packages = ["."]
  revision = "7677a1d7c1137cd3dd5ba7a076d0c898a1ef4520"

[[projects]]
  branch = "master"
  name = "github.com/go-macaron/inject"
  packages = ["."]
  revision = "d8a0b8677191f4380287cfebd08e462217bac7ad"

[[projects]]
  branch = "master"
  name = "golang.org/x/crypto"
  packages = ["pbkdf2"]
  revision = "d6449816ce06963d9d136eee5a56fca5b0616e7e"

[[projects]]
  name = "gopkg.in/ini.v1"
  packages = ["."]
  revision = "5e9692864e22d02ac79e2fa499cffb00520b4fea"
  version = "v1.34.0"

[[projects]]
  name = "gopkg.in/macaron.v1"
  packages = ["."]
  revision = "c1be95e6d21e769e44e1ec33cec9da5837861c10"
  version = "v1.3.1"

[solve-meta]
  analyzer-name = "dep"
  analyzer-version = 1
  inputs-digest = "223d56b78ad76f6f2ab3dafdd578782cea37ff7f8254f945ae6814d1ebcfbd3c"
  solver-name = "gps-cdcl"
  solver-version = 1
